
Microsoft Visual Studio Solution File, Format Version 12.00
# Visual Studio Version 17
VisualStudioVersion = 17.5.33424.131
MinimumVisualStudioVersion = 10.0.40219.1
Project("{FAE04EC0-301F-11D3-BF4B-00C04F79EFBC}") = "CRUD", "CRUD\CRUD.csproj", "{497249C8-9028-405E-9B53-EDB692F5681E}"
EndProject
Global
	GlobalSection(SolutionConfigurationPlatforms) = preSolution
		Debug|Any CPU = Debug|Any CPU
		Release|Any CPU = Release|Any CPU
	EndGlobalSection
	GlobalSection(ProjectConfigurationPlatforms) = postSolution
		{497249C8-9028-405E-9B53-EDB692F5681E}.Debug|Any CPU.ActiveCfg = Debug|Any CPU
		{497249C8-9028-405E-9B53-EDB692F5681E}.Debug|Any CPU.Build.0 = Debug|Any CPU
		{497249C8-9028-405E-9B53-EDB692F5681E}.Release|Any CPU.ActiveCfg = Release|Any CPU
		{497249C8-9028-405E-9B53-EDB692F5681E}.Release|Any CPU.Build.0 = Release|Any CPU
	EndGlobalSection
	GlobalSection(SolutionProperties) = preSolution
		HideSolutionNode = FALSE
	EndGlobalSection
	GlobalSection(ExtensibilityGlobals) = postSolution
		SolutionGuid = {3CEA6FD8-A282-4F21-90E7-90085D0CD732}
	EndGlobalSection
EndGlobal
